
Microsoft Visual Studio Solution File, Format Version 12.00
# Visual Studio Version 16
VisualStudioVersion = 16.0.31702.278
MinimumVisualStudioVersion = 10.0.40219.1
Project("{8BC9CEB8-8B4A-11D0-8D11-00A0C91BC942}") = "Task4-1", "Task4-1\Task4-1.vcxproj", "{8D3D73A9-92D6-4727-AB42-C6DEBD55FE26}"
EndProject
Project("{8BC9CEB8-8B4A-11D0-8D11-00A0C91BC942}") = "Task4-2", "Task4-2\Task4-2.vcxproj", "{203B3588-8A79-4828-9FDB-DF5497894371}"
EndProject
Project("{8BC9CEB8-8B4A-11D0-8D11-00A0C91BC942}") = "Task4-3", "Task4-3\Task4-3.vcxproj", "{B215C556-4578-4B2E-9785-4502D9E7EA51}"
EndProject
Global
	GlobalSection(SolutionConfigurationPlatforms) = preSolution
		Debug|x64 = Debug|x64
		Debug|x86 = Debug|x86
		Release|x64 = Release|x64
		Release|x86 = Release|x86
	EndGlobalSection
	GlobalSection(ProjectConfigurationPlatforms) = postSolution
		{8D3D73A9-92D6-4727-AB42-C6DEBD55FE26}.Debug|x64.ActiveCfg = Debug|x64
		{8D3D73A9-92D6-4727-AB42-C6DEBD55FE26}.Debug|x64.Build.0 = Debug|x64
		{8D3D73A9-92D6-4727-AB42-C6DEBD55FE26}.Debug|x86.ActiveCfg = Debug|Win32
		{8D3D73A9-92D6-4727-AB42-C6DEBD55FE26}.Debug|x86.Build.0 = Debug|Win32
		{8D3D73A9-92D6-4727-AB42-C6DEBD55FE26}.Release|x64.ActiveCfg = Release|x64
		{8D3D73A9-92D6-4727-AB42-C6DEBD55FE26}.Release|x64.Build.0 = Release|x64
		{8D3D73A9-92D6-4727-AB42-C6DEBD55FE26}.Release|x86.ActiveCfg = Release|Win32
		{8D3D73A9-92D6-4727-AB42-C6DEBD55FE26}.Release|x86.Build.0 = Release|Win32
		{203B3588-8A79-4828-9FDB-DF5497894371}.Debug|x64.ActiveCfg = Debug|x64
		{203B3588-8A79-4828-9FDB-DF5497894371}.Debug|x64.Build.0 = Debug|x64
		{203B3588-8A79-4828-9FDB-DF5497894371}.Debug|x86.ActiveCfg = Debug|Win32
		{203B3588-8A79-4828-9FDB-DF5497894371}.Debug|x86.Build.0 = Debug|Win32
		{203B3588-8A79-4828-9FDB-DF5497894371}.Release|x64.ActiveCfg = Release|x64
		{203B3588-8A79-4828-9FDB-DF5497894371}.Release|x64.Build.0 = Release|x64
		{203B3588-8A79-4828-9FDB-DF5497894371}.Release|x86.ActiveCfg = Release|Win32
		{203B3588-8A79-4828-9FDB-DF5497894371}.Release|x86.Build.0 = Release|Win32
		{B215C556-4578-4B2E-9785-4502D9E7EA51}.Debug|x64.ActiveCfg = Debug|x64
		{B215C556-4578-4B2E-9785-4502D9E7EA51}.Debug|x64.Build.0 = Debug|x64
		{B215C556-4578-4B2E-9785-4502D9E7EA51}.Debug|x86.ActiveCfg = Debug|Win32
		{B215C556-4578-4B2E-9785-4502D9E7EA51}.Debug|x86.Build.0 = Debug|Win32
		{B215C556-4578-4B2E-9785-4502D9E7EA51}.Release|x64.ActiveCfg = Release|x64
		{B215C556-4578-4B2E-9785-4502D9E7EA51}.Release|x64.Build.0 = Release|x64
		{B215C556-4578-4B2E-9785-4502D9E7EA51}.Release|x86.ActiveCfg = Release|Win32
		{B215C556-4578-4B2E-9785-4502D9E7EA51}.Release|x86.Build.0 = Release|Win32
	EndGlobalSection
	GlobalSection(SolutionProperties) = preSolution
		HideSolutionNode = FALSE
	EndGlobalSection
	GlobalSection(ExtensibilityGlobals) = postSolution
		SolutionGuid = {481A2ED1-EC11-4D75-9495-2B9BB25F8196}
	EndGlobalSection
EndGlobal
