
Microsoft Visual Studio Solution File, Format Version 12.00
# Visual Studio Version 16
VisualStudioVersion = 16.0.31702.278
MinimumVisualStudioVersion = 10.0.40219.1
Project("{8BC9CEB8-8B4A-11D0-8D11-00A0C91BC942}") = "P-2", "P-2\P-2.vcxproj", "{C87C0805-DDE7-47F9-A05A-5C6208E3BD6E}"
EndProject
Project("{8BC9CEB8-8B4A-11D0-8D11-00A0C91BC942}") = "P2-2", "Project1\Project1.vcxproj", "{F26A2C32-FAD5-4B0D-9436-651623D2647F}"
EndProject
Project("{8BC9CEB8-8B4A-11D0-8D11-00A0C91BC942}") = "P2-3", "P2-3\P2-3.vcxproj", "{EFFA22DB-5948-41AA-98CF-91BFDB26BE3D}"
EndProject
Global
	GlobalSection(SolutionConfigurationPlatforms) = preSolution
		Debug|x64 = Debug|x64
		Debug|x86 = Debug|x86
		Release|x64 = Release|x64
		Release|x86 = Release|x86
	EndGlobalSection
	GlobalSection(ProjectConfigurationPlatforms) = postSolution
		{C87C0805-DDE7-47F9-A05A-5C6208E3BD6E}.Debug|x64.ActiveCfg = Debug|x64
		{C87C0805-DDE7-47F9-A05A-5C6208E3BD6E}.Debug|x64.Build.0 = Debug|x64
		{C87C0805-DDE7-47F9-A05A-5C6208E3BD6E}.Debug|x86.ActiveCfg = Debug|Win32
		{C87C0805-DDE7-47F9-A05A-5C6208E3BD6E}.Debug|x86.Build.0 = Debug|Win32
		{C87C0805-DDE7-47F9-A05A-5C6208E3BD6E}.Release|x64.ActiveCfg = Release|x64
		{C87C0805-DDE7-47F9-A05A-5C6208E3BD6E}.Release|x64.Build.0 = Release|x64
		{C87C0805-DDE7-47F9-A05A-5C6208E3BD6E}.Release|x86.ActiveCfg = Release|Win32
		{C87C0805-DDE7-47F9-A05A-5C6208E3BD6E}.Release|x86.Build.0 = Release|Win32
		{F26A2C32-FAD5-4B0D-9436-651623D2647F}.Debug|x64.ActiveCfg = Debug|x64
		{F26A2C32-FAD5-4B0D-9436-651623D2647F}.Debug|x64.Build.0 = Debug|x64
		{F26A2C32-FAD5-4B0D-9436-651623D2647F}.Debug|x86.ActiveCfg = Debug|Win32
		{F26A2C32-FAD5-4B0D-9436-651623D2647F}.Debug|x86.Build.0 = Debug|Win32
		{F26A2C32-FAD5-4B0D-9436-651623D2647F}.Release|x64.ActiveCfg = Release|x64
		{F26A2C32-FAD5-4B0D-9436-651623D2647F}.Release|x64.Build.0 = Release|x64
		{F26A2C32-FAD5-4B0D-9436-651623D2647F}.Release|x86.ActiveCfg = Release|Win32
		{F26A2C32-FAD5-4B0D-9436-651623D2647F}.Release|x86.Build.0 = Release|Win32
		{EFFA22DB-5948-41AA-98CF-91BFDB26BE3D}.Debug|x64.ActiveCfg = Debug|x64
		{EFFA22DB-5948-41AA-98CF-91BFDB26BE3D}.Debug|x64.Build.0 = Debug|x64
		{EFFA22DB-5948-41AA-98CF-91BFDB26BE3D}.Debug|x86.ActiveCfg = Debug|Win32
		{EFFA22DB-5948-41AA-98CF-91BFDB26BE3D}.Debug|x86.Build.0 = Debug|Win32
		{EFFA22DB-5948-41AA-98CF-91BFDB26BE3D}.Release|x64.ActiveCfg = Release|x64
		{EFFA22DB-5948-41AA-98CF-91BFDB26BE3D}.Release|x64.Build.0 = Release|x64
		{EFFA22DB-5948-41AA-98CF-91BFDB26BE3D}.Release|x86.ActiveCfg = Release|Win32
		{EFFA22DB-5948-41AA-98CF-91BFDB26BE3D}.Release|x86.Build.0 = Release|Win32
	EndGlobalSection
	GlobalSection(SolutionProperties) = preSolution
		HideSolutionNode = FALSE
	EndGlobalSection
	GlobalSection(ExtensibilityGlobals) = postSolution
		SolutionGuid = {B4DBC7F6-9DB7-4B93-805D-F4327CE73A56}
	EndGlobalSection
EndGlobal
